// !$*UTF8*$!
{
	archiveVersion = 1;
	classes = {
	};
	objectVersion = 46;
	objects = {

/* Begin PBXBuildFile section */
		4604600218F9D79F00D2AF79 /* HitParticle.sks in Resources */ = {isa = PBXBuildFile; fileRef = 4604600018F9D79F00D2AF79 /* HitParticle.sks */; };
		4604600318F9D79F00D2AF79 /* bokeh.png in Resources */ = {isa = PBXBuildFile; fileRef = 4604600118F9D79F00D2AF79 /* bokeh.png */; };
		46423D6B18FAE05D00468D05 /* hit.png in Resources */ = {isa = PBXBuildFile; fileRef = 46423D6A18FAE05D00468D05 /* hit.png */; };
		46423D6D18FAF18100468D05 /* Helpers.m in Sources */ = {isa = PBXBuildFile; fileRef = 46423D6C18FAF18100468D05 /* Helpers.m */; };
		46423D7A18FAF35600468D05 /* TLPNote.m in Sources */ = {isa = PBXBuildFile; fileRef = 46423D7418FAF35600468D05 /* TLPNote.m */; };
		46423D7B18FAF35600468D05 /* TLPAppDelegate.m in Sources */ = {isa = PBXBuildFile; fileRef = 46423D7718FAF35600468D05 /* TLPAppDelegate.m */; };
		46423D7C18FAF35600468D05 /* TLPMainScene.m in Sources */ = {isa = PBXBuildFile; fileRef = 46423D7918FAF35600468D05 /* TLPMainScene.m */; };
		46423D7F18FAFEFF00468D05 /* TLPLine.m in Sources */ = {isa = PBXBuildFile; fileRef = 46423D7E18FAFEFF00468D05 /* TLPLine.m */; };
		4692791D18FBCC8500E541A5 /* TLPGuideNote.m in Sources */ = {isa = PBXBuildFile; fileRef = 4692791C18FBCC8500E541A5 /* TLPGuideNote.m */; };
		4692792018FBD10C00E541A5 /* SKAction+Tlamp.m in Sources */ = {isa = PBXBuildFile; fileRef = 4692791F18FBD10C00E541A5 /* SKAction+Tlamp.m */; };
		46B0C06E18F9D6E400FE7256 /* spark.png in Resources */ = {isa = PBXBuildFile; fileRef = 46B0C06D18F9D6E400FE7256 /* spark.png */; };
		46B60CAF18FA0A1300810F51 /* SKColor+Tlamp.m in Sources */ = {isa = PBXBuildFile; fileRef = 46B60CAE18FA0A1300810F51 /* SKColor+Tlamp.m */; };
		46EAB3BB18F9D042002AAEA8 /* Cocoa.framework in Frameworks */ = {isa = PBXBuildFile; fileRef = 46EAB3BA18F9D042002AAEA8 /* Cocoa.framework */; };
		46EAB3BD18F9D042002AAEA8 /* SpriteKit.framework in Frameworks */ = {isa = PBXBuildFile; fileRef = 46EAB3BC18F9D042002AAEA8 /* SpriteKit.framework */; };
		46EAB3C718F9D042002AAEA8 /* InfoPlist.strings in Resources */ = {isa = PBXBuildFile; fileRef = 46EAB3C518F9D042002AAEA8 /* InfoPlist.strings */; };
		46EAB3C918F9D042002AAEA8 /* main.m in Sources */ = {isa = PBXBuildFile; fileRef = 46EAB3C818F9D042002AAEA8 /* main.m */; };
		46EAB3CD18F9D042002AAEA8 /* Credits.rtf in Resources */ = {isa = PBXBuildFile; fileRef = 46EAB3CB18F9D042002AAEA8 /* Credits.rtf */; };
		46EAB3CF18F9D042002AAEA8 /* MainMenu.xib in Resources */ = {isa = PBXBuildFile; fileRef = 46EAB3CE18F9D042002AAEA8 /* MainMenu.xib */; };
		46EAB3D918F9D042002AAEA8 /* Images.xcassets in Resources */ = {isa = PBXBuildFile; fileRef = 46EAB3D818F9D042002AAEA8 /* Images.xcassets */; };
		46EAB3E018F9D042002AAEA8 /* XCTest.framework in Frameworks */ = {isa = PBXBuildFile; fileRef = 46EAB3DF18F9D042002AAEA8 /* XCTest.framework */; };
		46EAB3E118F9D042002AAEA8 /* Cocoa.framework in Frameworks */ = {isa = PBXBuildFile; fileRef = 46EAB3BA18F9D042002AAEA8 /* Cocoa.framework */; };
		46EAB3E918F9D042002AAEA8 /* InfoPlist.strings in Resources */ = {isa = PBXBuildFile; fileRef = 46EAB3E718F9D042002AAEA8 /* InfoPlist.strings */; };
		46EAB3EB18F9D042002AAEA8 /* Tlamp_Tests.m in Sources */ = {isa = PBXBuildFile; fileRef = 46EAB3EA18F9D042002AAEA8 /* Tlamp_Tests.m */; };
		46EAB40518F9D116002AAEA8 /* talempong_pacik_01.wav in Resources */ = {isa = PBXBuildFile; fileRef = 46EAB40018F9D116002AAEA8 /* talempong_pacik_01.wav */; };
		46EAB40618F9D116002AAEA8 /* talempong_pacik_02.wav in Resources */ = {isa = PBXBuildFile; fileRef = 46EAB40118F9D116002AAEA8 /* talempong_pacik_02.wav */; };
		46EAB40718F9D116002AAEA8 /* talempong_pacik_03.wav in Resources */ = {isa = PBXBuildFile; fileRef = 46EAB40218F9D116002AAEA8 /* talempong_pacik_03.wav */; };
		46EAB40818F9D116002AAEA8 /* talempong_pacik_04.wav in Resources */ = {isa = PBXBuildFile; fileRef = 46EAB40318F9D116002AAEA8 /* talempong_pacik_04.wav */; };
		46EAB40918F9D116002AAEA8 /* talempong_pacik_05.wav in Resources */ = {isa = PBXBuildFile; fileRef = 46EAB40418F9D116002AAEA8 /* talempong_pacik_05.wav */; };
/* End PBXBuildFile section */

/* Begin PBXContainerItemProxy section */
		46EAB3E218F9D042002AAEA8 /* PBXContainerItemProxy */ = {
			isa = PBXContainerItemProxy;
			containerPortal = 46EAB3AF18F9D042002AAEA8 /* Project object */;
			proxyType = 1;
			remoteGlobalIDString = 46EAB3B618F9D042002AAEA8;
			remoteInfo = "Tlamp!";
		};
/* End PBXContainerItemProxy section */

/* Begin PBXFileReference section */
		4604600018F9D79F00D2AF79 /* HitParticle.sks */ = {isa = PBXFileReference; lastKnownFileType = file.sks; name = HitParticle.sks; path = Particles/HitParticle.sks; sourceTree = "<group>"; };
		4604600118F9D79F00D2AF79 /* bokeh.png */ = {isa = PBXFileReference; lastKnownFileType = image.png; name = bokeh.png; path = Particles/bokeh.png; sourceTree = "<group>"; };
		46423D6A18FAE05D00468D05 /* hit.png */ = {isa = PBXFileReference; lastKnownFileType = image.png; name = hit.png; path = Particles/hit.png; sourceTree = "<group>"; };
		46423D6C18FAF18100468D05 /* Helpers.m */ = {isa = PBXFileReference; fileEncoding = 4; lastKnownFileType = sourcecode.c.objc; name = Helpers.m; path = Utilities/Helpers.m; sourceTree = "<group>"; };
		46423D7318FAF35600468D05 /* TLPNote.h */ = {isa = PBXFileReference; fileEncoding = 4; lastKnownFileType = sourcecode.c.h; path = TLPNote.h; sourceTree = "<group>"; };
		46423D7418FAF35600468D05 /* TLPNote.m */ = {isa = PBXFileReference; fileEncoding = 4; lastKnownFileType = sourcecode.c.objc; path = TLPNote.m; sourceTree = "<group>"; };
		46423D7618FAF35600468D05 /* TLPAppDelegate.h */ = {isa = PBXFileReference; fileEncoding = 4; lastKnownFileType = sourcecode.c.h; path = TLPAppDelegate.h; sourceTree = "<group>"; };
		46423D7718FAF35600468D05 /* TLPAppDelegate.m */ = {isa = PBXFileReference; fileEncoding = 4; lastKnownFileType = sourcecode.c.objc; path = TLPAppDelegate.m; sourceTree = "<group>"; };
		46423D7818FAF35600468D05 /* TLPMainScene.h */ = {isa = PBXFileReference; fileEncoding = 4; lastKnownFileType = sourcecode.c.h; path = TLPMainScene.h; sourceTree = "<group>"; };
		46423D7918FAF35600468D05 /* TLPMainScene.m */ = {isa = PBXFileReference; fileEncoding = 4; lastKnownFileType = sourcecode.c.objc; path = TLPMainScene.m; sourceTree = "<group>"; };
		46423D7D18FAFEFF00468D05 /* TLPLine.h */ = {isa = PBXFileReference; fileEncoding = 4; lastKnownFileType = sourcecode.c.h; path = TLPLine.h; sourceTree = "<group>"; };
		46423D7E18FAFEFF00468D05 /* TLPLine.m */ = {isa = PBXFileReference; fileEncoding = 4; lastKnownFileType = sourcecode.c.objc; path = TLPLine.m; sourceTree = "<group>"; };
		4692791B18FBCC8500E541A5 /* TLPGuideNote.h */ = {isa = PBXFileReference; fileEncoding = 4; lastKnownFileType = sourcecode.c.h; path = TLPGuideNote.h; sourceTree = "<group>"; };
		4692791C18FBCC8500E541A5 /* TLPGuideNote.m */ = {isa = PBXFileReference; fileEncoding = 4; lastKnownFileType = sourcecode.c.objc; path = TLPGuideNote.m; sourceTree = "<group>"; };
		4692791E18FBD10C00E541A5 /* SKAction+Tlamp.h */ = {isa = PBXFileReference; fileEncoding = 4; lastKnownFileType = sourcecode.c.h; name = "SKAction+Tlamp.h"; path = "Utilities/SKAction+Tlamp.h"; sourceTree = "<group>"; };
		4692791F18FBD10C00E541A5 /* SKAction+Tlamp.m */ = {isa = PBXFileReference; fileEncoding = 4; lastKnownFileType = sourcecode.c.objc; name = "SKAction+Tlamp.m"; path = "Utilities/SKAction+Tlamp.m"; sourceTree = "<group>"; };
		4692792118FBD12000E541A5 /* Helpers.h */ = {isa = PBXFileReference; fileEncoding = 4; lastKnownFileType = sourcecode.c.h; name = Helpers.h; path = Utilities/Helpers.h; sourceTree = "<group>"; };
		46B0C06D18F9D6E400FE7256 /* spark.png */ = {isa = PBXFileReference; lastKnownFileType = image.png; name = spark.png; path = Particles/spark.png; sourceTree = "<group>"; };
		46B60CAD18FA0A1300810F51 /* SKColor+Tlamp.h */ = {isa = PBXFileReference; fileEncoding = 4; lastKnownFileType = sourcecode.c.h; name = "SKColor+Tlamp.h"; path = "Utilities/SKColor+Tlamp.h"; sourceTree = "<group>"; };
		46B60CAE18FA0A1300810F51 /* SKColor+Tlamp.m */ = {isa = PBXFileReference; fileEncoding = 4; lastKnownFileType = sourcecode.c.objc; name = "SKColor+Tlamp.m"; path = "Utilities/SKColor+Tlamp.m"; sourceTree = "<group>"; };
		46EAB3B718F9D042002AAEA8 /* Tlamp!.app */ = {isa = PBXFileReference; explicitFileType = wrapper.application; includeInIndex = 0; path = "Tlamp!.app"; sourceTree = BUILT_PRODUCTS_DIR; };
		46EAB3BA18F9D042002AAEA8 /* Cocoa.framework */ = {isa = PBXFileReference; lastKnownFileType = wrapper.framework; name = Cocoa.framework; path = System/Library/Frameworks/Cocoa.framework; sourceTree = SDKROOT; };
		46EAB3BC18F9D042002AAEA8 /* SpriteKit.framework */ = {isa = PBXFileReference; lastKnownFileType = wrapper.framework; name = SpriteKit.framework; path = System/Library/Frameworks/SpriteKit.framework; sourceTree = SDKROOT; };
		46EAB3BF18F9D042002AAEA8 /* AppKit.framework */ = {isa = PBXFileReference; lastKnownFileType = wrapper.framework; name = AppKit.framework; path = System/Library/Frameworks/AppKit.framework; sourceTree = SDKROOT; };
		46EAB3C018F9D042002AAEA8 /* CoreData.framework */ = {isa = PBXFileReference; lastKnownFileType = wrapper.framework; name = CoreData.framework; path = System/Library/Frameworks/CoreData.framework; sourceTree = SDKROOT; };
		46EAB3C118F9D042002AAEA8 /* Foundation.framework */ = {isa = PBXFileReference; lastKnownFileType = wrapper.framework; name = Foundation.framework; path = System/Library/Frameworks/Foundation.framework; sourceTree = SDKROOT; };
		46EAB3C418F9D042002AAEA8 /* Tlamp!-Info.plist */ = {isa = PBXFileReference; lastKnownFileType = text.plist.xml; path = "Tlamp!-Info.plist"; sourceTree = "<group>"; };
		46EAB3C618F9D042002AAEA8 /* en */ = {isa = PBXFileReference; lastKnownFileType = text.plist.strings; name = en; path = en.lproj/InfoPlist.strings; sourceTree = "<group>"; };
		46EAB3C818F9D042002AAEA8 /* main.m */ = {isa = PBXFileReference; lastKnownFileType = sourcecode.c.objc; path = main.m; sourceTree = "<group>"; };
		46EAB3CA18F9D042002AAEA8 /* Tlamp!-Prefix.pch */ = {isa = PBXFileReference; lastKnownFileType = sourcecode.c.h; path = "Tlamp!-Prefix.pch"; sourceTree = "<group>"; };
		46EAB3CC18F9D042002AAEA8 /* en */ = {isa = PBXFileReference; lastKnownFileType = text.rtf; name = en; path = en.lproj/Credits.rtf; sourceTree = "<group>"; };
		46EAB3CE18F9D042002AAEA8 /* MainMenu.xib */ = {isa = PBXFileReference; lastKnownFileType = file.xib; path = MainMenu.xib; sourceTree = "<group>"; };
		46EAB3D818F9D042002AAEA8 /* Images.xcassets */ = {isa = PBXFileReference; lastKnownFileType = folder.assetcatalog; path = Images.xcassets; sourceTree = "<group>"; };
		46EAB3DE18F9D042002AAEA8 /* Tlamp!Tests.xctest */ = {isa = PBXFileReference; explicitFileType = wrapper.cfbundle; includeInIndex = 0; path = "Tlamp!Tests.xctest"; sourceTree = BUILT_PRODUCTS_DIR; };
		46EAB3DF18F9D042002AAEA8 /* XCTest.framework */ = {isa = PBXFileReference; lastKnownFileType = wrapper.framework; name = XCTest.framework; path = Library/Frameworks/XCTest.framework; sourceTree = DEVELOPER_DIR; };
		46EAB3E618F9D042002AAEA8 /* Tlamp!Tests-Info.plist */ = {isa = PBXFileReference; lastKnownFileType = text.plist.xml; path = "Tlamp!Tests-Info.plist"; sourceTree = "<group>"; };
		46EAB3E818F9D042002AAEA8 /* en */ = {isa = PBXFileReference; lastKnownFileType = text.plist.strings; name = en; path = en.lproj/InfoPlist.strings; sourceTree = "<group>"; };
		46EAB3EA18F9D042002AAEA8 /* Tlamp_Tests.m */ = {isa = PBXFileReference; lastKnownFileType = sourcecode.c.objc; path = Tlamp_Tests.m; sourceTree = "<group>"; };
		46EAB40018F9D116002AAEA8 /* talempong_pacik_01.wav */ = {isa = PBXFileReference; lastKnownFileType = audio.wav; path = talempong_pacik_01.wav; sourceTree = "<group>"; };
		46EAB40118F9D116002AAEA8 /* talempong_pacik_02.wav */ = {isa = PBXFileReference; lastKnownFileType = audio.wav; path = talempong_pacik_02.wav; sourceTree = "<group>"; };
		46EAB40218F9D116002AAEA8 /* talempong_pacik_03.wav */ = {isa = PBXFileReference; lastKnownFileType = audio.wav; path = talempong_pacik_03.wav; sourceTree = "<group>"; };
		46EAB40318F9D116002AAEA8 /* talempong_pacik_04.wav */ = {isa = PBXFileReference; lastKnownFileType = audio.wav; path = talempong_pacik_04.wav; sourceTree = "<group>"; };
		46EAB40418F9D116002AAEA8 /* talempong_pacik_05.wav */ = {isa = PBXFileReference; lastKnownFileType = audio.wav; path = talempong_pacik_05.wav; sourceTree = "<group>"; };
/* End PBXFileReference section */

/* Begin PBXFrameworksBuildPhase section */
		46EAB3B418F9D042002AAEA8 /* Frameworks */ = {
			isa = PBXFrameworksBuildPhase;
			buildActionMask = 2147483647;
			files = (
				46EAB3BD18F9D042002AAEA8 /* SpriteKit.framework in Frameworks */,
				46EAB3BB18F9D042002AAEA8 /* Cocoa.framework in Frameworks */,
			);
			runOnlyForDeploymentPostprocessing = 0;
		};
		46EAB3DB18F9D042002AAEA8 /* Frameworks */ = {
			isa = PBXFrameworksBuildPhase;
			buildActionMask = 2147483647;
			files = (
				46EAB3E118F9D042002AAEA8 /* Cocoa.framework in Frameworks */,
				46EAB3E018F9D042002AAEA8 /* XCTest.framework in Frameworks */,
			);
			runOnlyForDeploymentPostprocessing = 0;
		};
/* End PBXFrameworksBuildPhase section */

/* Begin PBXGroup section */
		46423D7218FAF35600468D05 /* Objects */ = {
			isa = PBXGroup;
			children = (
				46423D7318FAF35600468D05 /* TLPNote.h */,
				46423D7418FAF35600468D05 /* TLPNote.m */,
				46423D7D18FAFEFF00468D05 /* TLPLine.h */,
				46423D7E18FAFEFF00468D05 /* TLPLine.m */,
				4692791B18FBCC8500E541A5 /* TLPGuideNote.h */,
				4692791C18FBCC8500E541A5 /* TLPGuideNote.m */,
			);
			path = Objects;
			sourceTree = "<group>";
		};
		46423D7518FAF35600468D05 /* Scenes */ = {
			isa = PBXGroup;
			children = (
				46423D7618FAF35600468D05 /* TLPAppDelegate.h */,
				46423D7718FAF35600468D05 /* TLPAppDelegate.m */,
				46423D7818FAF35600468D05 /* TLPMainScene.h */,
				46423D7918FAF35600468D05 /* TLPMainScene.m */,
			);
			path = Scenes;
			sourceTree = "<group>";
		};
		46B60CB018FA0A1B00810F51 /* Utilities */ = {
			isa = PBXGroup;
			children = (
				4692792118FBD12000E541A5 /* Helpers.h */,
				46423D6C18FAF18100468D05 /* Helpers.m */,
				46B60CAD18FA0A1300810F51 /* SKColor+Tlamp.h */,
				46B60CAE18FA0A1300810F51 /* SKColor+Tlamp.m */,
				4692791E18FBD10C00E541A5 /* SKAction+Tlamp.h */,
				4692791F18FBD10C00E541A5 /* SKAction+Tlamp.m */,
			);
			name = Utilities;
			sourceTree = "<group>";
		};
		46EAB3AE18F9D042002AAEA8 = {
			isa = PBXGroup;
			children = (
				46EAB3C218F9D042002AAEA8 /* Tlamp! */,
				46EAB3E418F9D042002AAEA8 /* Tlamp!Tests */,
				46EAB3B918F9D042002AAEA8 /* Frameworks */,
				46EAB3B818F9D042002AAEA8 /* Products */,
			);
			sourceTree = "<group>";
		};
		46EAB3B818F9D042002AAEA8 /* Products */ = {
			isa = PBXGroup;
			children = (
				46EAB3B718F9D042002AAEA8 /* Tlamp!.app */,
				46EAB3DE18F9D042002AAEA8 /* Tlamp!Tests.xctest */,
			);
			name = Products;
			sourceTree = "<group>";
		};
		46EAB3B918F9D042002AAEA8 /* Frameworks */ = {
			isa = PBXGroup;
			children = (
				46EAB3BA18F9D042002AAEA8 /* Cocoa.framework */,
				46EAB3BC18F9D042002AAEA8 /* SpriteKit.framework */,
				46EAB3DF18F9D042002AAEA8 /* XCTest.framework */,
				46EAB3BE18F9D042002AAEA8 /* Other Frameworks */,
			);
			name = Frameworks;
			sourceTree = "<group>";
		};
		46EAB3BE18F9D042002AAEA8 /* Other Frameworks */ = {
			isa = PBXGroup;
			children = (
				46EAB3BF18F9D042002AAEA8 /* AppKit.framework */,
				46EAB3C018F9D042002AAEA8 /* CoreData.framework */,
				46EAB3C118F9D042002AAEA8 /* Foundation.framework */,
			);
			name = "Other Frameworks";
			sourceTree = "<group>";
		};
		46EAB3C218F9D042002AAEA8 /* Tlamp! */ = {
			isa = PBXGroup;
			children = (
				46EAB3CE18F9D042002AAEA8 /* MainMenu.xib */,
				46B60CB018FA0A1B00810F51 /* Utilities */,
				46423D7518FAF35600468D05 /* Scenes */,
				46423D7218FAF35600468D05 /* Objects */,
				46EAB3C318F9D042002AAEA8 /* Supporting Files */,
			);
			path = "Tlamp!";
			sourceTree = "<group>";
		};
		46EAB3C318F9D042002AAEA8 /* Supporting Files */ = {
			isa = PBXGroup;
			children = (
				46EAB40A18F9D509002AAEA8 /* Particles */,
				46EAB3FF18F9D116002AAEA8 /* Audios */,
				46EAB3D818F9D042002AAEA8 /* Images.xcassets */,
				46EAB3C418F9D042002AAEA8 /* Tlamp!-Info.plist */,
				46EAB3C518F9D042002AAEA8 /* InfoPlist.strings */,
				46EAB3C818F9D042002AAEA8 /* main.m */,
				46EAB3CA18F9D042002AAEA8 /* Tlamp!-Prefix.pch */,
				46EAB3CB18F9D042002AAEA8 /* Credits.rtf */,
			);
			name = "Supporting Files";
			sourceTree = "<group>";
		};
		46EAB3E418F9D042002AAEA8 /* Tlamp!Tests */ = {
			isa = PBXGroup;
			children = (
				46EAB3EA18F9D042002AAEA8 /* Tlamp_Tests.m */,
				46EAB3E518F9D042002AAEA8 /* Supporting Files */,
			);
			path = "Tlamp!Tests";
			sourceTree = "<group>";
		};
		46EAB3E518F9D042002AAEA8 /* Supporting Files */ = {
			isa = PBXGroup;
			children = (
				46EAB3E618F9D042002AAEA8 /* Tlamp!Tests-Info.plist */,
				46EAB3E718F9D042002AAEA8 /* InfoPlist.strings */,
			);
			name = "Supporting Files";
			sourceTree = "<group>";
		};
		46EAB3FF18F9D116002AAEA8 /* Audios */ = {
			isa = PBXGroup;
			children = (
				46EAB40018F9D116002AAEA8 /* talempong_pacik_01.wav */,
				46EAB40118F9D116002AAEA8 /* talempong_pacik_02.wav */,
				46EAB40218F9D116002AAEA8 /* talempong_pacik_03.wav */,
				46EAB40318F9D116002AAEA8 /* talempong_pacik_04.wav */,
				46EAB40418F9D116002AAEA8 /* talempong_pacik_05.wav */,
			);
			name = Audios;
			path = audios;
			sourceTree = "<group>";
		};
		46EAB40A18F9D509002AAEA8 /* Particles */ = {
			isa = PBXGroup;
			children = (
				46B0C06D18F9D6E400FE7256 /* spark.png */,
				46423D6A18FAE05D00468D05 /* hit.png */,
				4604600018F9D79F00D2AF79 /* HitParticle.sks */,
				4604600118F9D79F00D2AF79 /* bokeh.png */,
			);
			name = Particles;
			sourceTree = "<group>";
		};
/* End PBXGroup section */

/* Begin PBXNativeTarget section */
		46EAB3B618F9D042002AAEA8 /* Tlamp! */ = {
			isa = PBXNativeTarget;
			buildConfigurationList = 46EAB3EE18F9D042002AAEA8 /* Build configuration list for PBXNativeTarget "Tlamp!" */;
			buildPhases = (
				46EAB3B318F9D042002AAEA8 /* Sources */,
				46EAB3B418F9D042002AAEA8 /* Frameworks */,
				46EAB3B518F9D042002AAEA8 /* Resources */,
			);
			buildRules = (
			);
			dependencies = (
			);
			name = "Tlamp!";
			productName = "Tlamp!";
			productReference = 46EAB3B718F9D042002AAEA8 /* Tlamp!.app */;
			productType = "com.apple.product-type.application";
		};
		46EAB3DD18F9D042002AAEA8 /* Tlamp!Tests */ = {
			isa = PBXNativeTarget;
			buildConfigurationList = 46EAB3F118F9D042002AAEA8 /* Build configuration list for PBXNativeTarget "Tlamp!Tests" */;
			buildPhases = (
				46EAB3DA18F9D042002AAEA8 /* Sources */,
				46EAB3DB18F9D042002AAEA8 /* Frameworks */,
				46EAB3DC18F9D042002AAEA8 /* Resources */,
			);
			buildRules = (
			);
			dependencies = (
				46EAB3E318F9D042002AAEA8 /* PBXTargetDependency */,
			);
			name = "Tlamp!Tests";
			productName = "Tlamp!Tests";
			productReference = 46EAB3DE18F9D042002AAEA8 /* Tlamp!Tests.xctest */;
			productType = "com.apple.product-type.bundle.unit-test";
		};
/* End PBXNativeTarget section */

/* Begin PBXProject section */
		46EAB3AF18F9D042002AAEA8 /* Project object */ = {
			isa = PBXProject;
			attributes = {
				CLASSPREFIX = TLP;
				LastUpgradeCheck = 0510;
				ORGANIZATIONNAME = "Ikhsan Assaat";
				TargetAttributes = {
					46EAB3DD18F9D042002AAEA8 = {
						TestTargetID = 46EAB3B618F9D042002AAEA8;
					};
				};
			};
			buildConfigurationList = 46EAB3B218F9D042002AAEA8 /* Build configuration list for PBXProject "Tlamp!" */;
			compatibilityVersion = "Xcode 3.2";
			developmentRegion = English;
			hasScannedForEncodings = 0;
			knownRegions = (
				en,
			);
			mainGroup = 46EAB3AE18F9D042002AAEA8;
			productRefGroup = 46EAB3B818F9D042002AAEA8 /* Products */;
			projectDirPath = "";
			projectRoot = "";
			targets = (
				46EAB3B618F9D042002AAEA8 /* Tlamp! */,
				46EAB3DD18F9D042002AAEA8 /* Tlamp!Tests */,
			);
		};
/* End PBXProject section */

/* Begin PBXResourcesBuildPhase section */
		46EAB3B518F9D042002AAEA8 /* Resources */ = {
			isa = PBXResourcesBuildPhase;
			buildActionMask = 2147483647;
			files = (
				46EAB40918F9D116002AAEA8 /* talempong_pacik_05.wav in Resources */,
				46B0C06E18F9D6E400FE7256 /* spark.png in Resources */,
				46423D6B18FAE05D00468D05 /* hit.png in Resources */,
				46EAB3D918F9D042002AAEA8 /* Images.xcassets in Resources */,
				46EAB40618F9D116002AAEA8 /* talempong_pacik_02.wav in Resources */,
				46EAB3C718F9D042002AAEA8 /* InfoPlist.strings in Resources */,
				4604600318F9D79F00D2AF79 /* bokeh.png in Resources */,
				46EAB40818F9D116002AAEA8 /* talempong_pacik_04.wav in Resources */,
				46EAB40518F9D116002AAEA8 /* talempong_pacik_01.wav in Resources */,
				4604600218F9D79F00D2AF79 /* HitParticle.sks in Resources */,
				46EAB3CD18F9D042002AAEA8 /* Credits.rtf in Resources */,
				46EAB3CF18F9D042002AAEA8 /* MainMenu.xib in Resources */,
				46EAB40718F9D116002AAEA8 /* talempong_pacik_03.wav in Resources */,
			);
			runOnlyForDeploymentPostprocessing = 0;
		};
		46EAB3DC18F9D042002AAEA8 /* Resources */ = {
			isa = PBXResourcesBuildPhase;
			buildActionMask = 2147483647;
			files = (
				46EAB3E918F9D042002AAEA8 /* InfoPlist.strings in Resources */,
			);
			runOnlyForDeploymentPostprocessing = 0;
		};
/* End PBXResourcesBuildPhase section */

/* Begin PBXSourcesBuildPhase section */
		46EAB3B318F9D042002AAEA8 /* Sources */ = {
			isa = PBXSourcesBuildPhase;
			buildActionMask = 2147483647;
			files = (
				46B60CAF18FA0A1300810F51 /* SKColor+Tlamp.m in Sources */,
				46EAB3C918F9D042002AAEA8 /* main.m in Sources */,
				46423D6D18FAF18100468D05 /* Helpers.m in Sources */,
				46423D7C18FAF35600468D05 /* TLPMainScene.m in Sources */,
				46423D7A18FAF35600468D05 /* TLPNote.m in Sources */,
				4692791D18FBCC8500E541A5 /* TLPGuideNote.m in Sources */,
				46423D7B18FAF35600468D05 /* TLPAppDelegate.m in Sources */,
				4692792018FBD10C00E541A5 /* SKAction+Tlamp.m in Sources */,
				46423D7F18FAFEFF00468D05 /* TLPLine.m in Sources */,
			);
			runOnlyForDeploymentPostprocessing = 0;
		};
		46EAB3DA18F9D042002AAEA8 /* Sources */ = {
			isa = PBXSourcesBuildPhase;
			buildActionMask = 2147483647;
			files = (
				46EAB3EB18F9D042002AAEA8 /* Tlamp_Tests.m in Sources */,
			);
			runOnlyForDeploymentPostprocessing = 0;
		};
/* End PBXSourcesBuildPhase section */

/* Begin PBXTargetDependency section */
		46EAB3E318F9D042002AAEA8 /* PBXTargetDependency */ = {
			isa = PBXTargetDependency;
			target = 46EAB3B618F9D042002AAEA8 /* Tlamp! */;
			targetProxy = 46EAB3E218F9D042002AAEA8 /* PBXContainerItemProxy */;
		};
/* End PBXTargetDependency section */

/* Begin PBXVariantGroup section */
		46EAB3C518F9D042002AAEA8 /* InfoPlist.strings */ = {
			isa = PBXVariantGroup;
			children = (
				46EAB3C618F9D042002AAEA8 /* en */,
			);
			name = InfoPlist.strings;
			sourceTree = "<group>";
		};
		46EAB3CB18F9D042002AAEA8 /* Credits.rtf */ = {
			isa = PBXVariantGroup;
			children = (
				46EAB3CC18F9D042002AAEA8 /* en */,
			);
			name = Credits.rtf;
			sourceTree = "<group>";
		};
		46EAB3E718F9D042002AAEA8 /* InfoPlist.strings */ = {
			isa = PBXVariantGroup;
			children = (
				46EAB3E818F9D042002AAEA8 /* en */,
			);
			name = InfoPlist.strings;
			sourceTree = "<group>";
		};
/* End PBXVariantGroup section */

/* Begin XCBuildConfiguration section */
		46EAB3EC18F9D042002AAEA8 /* Debug */ = {
			isa = XCBuildConfiguration;
			buildSettings = {
				ALWAYS_SEARCH_USER_PATHS = NO;
				CLANG_CXX_LANGUAGE_STANDARD = "gnu++0x";
				CLANG_CXX_LIBRARY = "libc++";
				CLANG_ENABLE_MODULES = YES;
				CLANG_ENABLE_OBJC_ARC = YES;
				CLANG_WARN_BOOL_CONVERSION = YES;
				CLANG_WARN_CONSTANT_CONVERSION = YES;
				CLANG_WARN_DIRECT_OBJC_ISA_USAGE = YES_ERROR;
				CLANG_WARN_EMPTY_BODY = YES;
				CLANG_WARN_ENUM_CONVERSION = YES;
				CLANG_WARN_INT_CONVERSION = YES;
				CLANG_WARN_OBJC_ROOT_CLASS = YES_ERROR;
				CLANG_WARN__DUPLICATE_METHOD_MATCH = YES;
				COPY_PHASE_STRIP = NO;
				GCC_C_LANGUAGE_STANDARD = gnu99;
				GCC_DYNAMIC_NO_PIC = NO;
				GCC_ENABLE_OBJC_EXCEPTIONS = YES;
				GCC_OPTIMIZATION_LEVEL = 0;
				GCC_PREPROCESSOR_DEFINITIONS = (
					"DEBUG=1",
					"$(inherited)",
				);
				GCC_SYMBOLS_PRIVATE_EXTERN = NO;
				GCC_WARN_64_TO_32_BIT_CONVERSION = YES;
				GCC_WARN_ABOUT_RETURN_TYPE = YES_ERROR;
				GCC_WARN_UNDECLARED_SELECTOR = YES;
				GCC_WARN_UNINITIALIZED_AUTOS = YES_AGGRESSIVE;
				GCC_WARN_UNUSED_FUNCTION = YES;
				GCC_WARN_UNUSED_VARIABLE = YES;
				MACOSX_DEPLOYMENT_TARGET = 10.9;
				ONLY_ACTIVE_ARCH = YES;
				SDKROOT = macosx;
			};
			name = Debug;
		};
		46EAB3ED18F9D042002AAEA8 /* Release */ = {
			isa = XCBuildConfiguration;
			buildSettings = {
				ALWAYS_SEARCH_USER_PATHS = NO;
				CLANG_CXX_LANGUAGE_STANDARD = "gnu++0x";
				CLANG_CXX_LIBRARY = "libc++";
				CLANG_ENABLE_MODULES = YES;
				CLANG_ENABLE_OBJC_ARC = YES;
				CLANG_WARN_BOOL_CONVERSION = YES;
				CLANG_WARN_CONSTANT_CONVERSION = YES;
				CLANG_WARN_DIRECT_OBJC_ISA_USAGE = YES_ERROR;
				CLANG_WARN_EMPTY_BODY = YES;
				CLANG_WARN_ENUM_CONVERSION = YES;
				CLANG_WARN_INT_CONVERSION = YES;
				CLANG_WARN_OBJC_ROOT_CLASS = YES_ERROR;
				CLANG_WARN__DUPLICATE_METHOD_MATCH = YES;
				COPY_PHASE_STRIP = YES;
				DEBUG_INFORMATION_FORMAT = "dwarf-with-dsym";
				ENABLE_NS_ASSERTIONS = NO;
				GCC_C_LANGUAGE_STANDARD = gnu99;
				GCC_ENABLE_OBJC_EXCEPTIONS = YES;
				GCC_WARN_64_TO_32_BIT_CONVERSION = YES;
				GCC_WARN_ABOUT_RETURN_TYPE = YES_ERROR;
				GCC_WARN_UNDECLARED_SELECTOR = YES;
				GCC_WARN_UNINITIALIZED_AUTOS = YES_AGGRESSIVE;
				GCC_WARN_UNUSED_FUNCTION = YES;
				GCC_WARN_UNUSED_VARIABLE = YES;
				MACOSX_DEPLOYMENT_TARGET = 10.9;
				SDKROOT = macosx;
			};
			name = Release;
		};
		46EAB3EF18F9D042002AAEA8 /* Debug */ = {
			isa = XCBuildConfiguration;
			buildSettings = {
				ASSETCATALOG_COMPILER_APPICON_NAME = AppIcon;
				COMBINE_HIDPI_IMAGES = YES;
				GCC_PRECOMPILE_PREFIX_HEADER = YES;
				GCC_PREFIX_HEADER = "Tlamp!/Tlamp!-Prefix.pch";
				INFOPLIST_FILE = "Tlamp!/Tlamp!-Info.plist";
				PRODUCT_NAME = "$(TARGET_NAME)";
				SPRITEKIT_TEXTURE_ATLAS_OUTPUT = YES;
				WRAPPER_EXTENSION = app;
			};
			name = Debug;
		};
		46EAB3F018F9D042002AAEA8 /* Release */ = {
			isa = XCBuildConfiguration;
			buildSettings = {
				ASSETCATALOG_COMPILER_APPICON_NAME = AppIcon;
				COMBINE_HIDPI_IMAGES = YES;
				GCC_PRECOMPILE_PREFIX_HEADER = YES;
				GCC_PREFIX_HEADER = "Tlamp!/Tlamp!-Prefix.pch";
				INFOPLIST_FILE = "Tlamp!/Tlamp!-Info.plist";
				PRODUCT_NAME = "$(TARGET_NAME)";
				SPRITEKIT_TEXTURE_ATLAS_OUTPUT = YES;
				WRAPPER_EXTENSION = app;
			};
			name = Release;
		};
		46EAB3F218F9D042002AAEA8 /* Debug */ = {
			isa = XCBuildConfiguration;
			buildSettings = {
				BUNDLE_LOADER = "$(BUILT_PRODUCTS_DIR)/Tlamp!.app/Contents/MacOS/Tlamp!";
				COMBINE_HIDPI_IMAGES = YES;
				FRAMEWORK_SEARCH_PATHS = (
					"$(DEVELOPER_FRAMEWORKS_DIR)",
					"$(inherited)",
				);
				GCC_PRECOMPILE_PREFIX_HEADER = YES;
				GCC_PREFIX_HEADER = "Tlamp!/Tlamp!-Prefix.pch";
				GCC_PREPROCESSOR_DEFINITIONS = (
					"DEBUG=1",
					"$(inherited)",
				);
				INFOPLIST_FILE = "Tlamp!Tests/Tlamp!Tests-Info.plist";
				PRODUCT_NAME = "$(TARGET_NAME)";
				TEST_HOST = "$(BUNDLE_LOADER)";
				WRAPPER_EXTENSION = xctest;
			};
			name = Debug;
		};
		46EAB3F318F9D042002AAEA8 /* Release */ = {
			isa = XCBuildConfiguration;
			buildSettings = {
				BUNDLE_LOADER = "$(BUILT_PRODUCTS_DIR)/Tlamp!.app/Contents/MacOS/Tlamp!";
				COMBINE_HIDPI_IMAGES = YES;
				FRAMEWORK_SEARCH_PATHS = (
					"$(DEVELOPER_FRAMEWORKS_DIR)",
					"$(inherited)",
				);
				GCC_PRECOMPILE_PREFIX_HEADER = YES;
				GCC_PREFIX_HEADER = "Tlamp!/Tlamp!-Prefix.pch";
				INFOPLIST_FILE = "Tlamp!Tests/Tlamp!Tests-Info.plist";
				PRODUCT_NAME = "$(TARGET_NAME)";
				TEST_HOST = "$(BUNDLE_LOADER)";
				WRAPPER_EXTENSION = xctest;
			};
			name = Release;
		};
/* End XCBuildConfiguration section */

/* Begin XCConfigurationList section */
		46EAB3B218F9D042002AAEA8 /* Build configuration list for PBXProject "Tlamp!" */ = {
			isa = XCConfigurationList;
			buildConfigurations = (
				46EAB3EC18F9D042002AAEA8 /* Debug */,
				46EAB3ED18F9D042002AAEA8 /* Release */,
			);
			defaultConfigurationIsVisible = 0;
			defaultConfigurationName = Release;
		};
		46EAB3EE18F9D042002AAEA8 /* Build configuration list for PBXNativeTarget "Tlamp!" */ = {
			isa = XCConfigurationList;
			buildConfigurations = (
				46EAB3EF18F9D042002AAEA8 /* Debug */,
				46EAB3F018F9D042002AAEA8 /* Release */,
			);
			defaultConfigurationIsVisible = 0;
			defaultConfigurationName = Release;
		};
		46EAB3F118F9D042002AAEA8 /* Build configuration list for PBXNativeTarget "Tlamp!Tests" */ = {
			isa = XCConfigurationList;
			buildConfigurations = (
				46EAB3F218F9D042002AAEA8 /* Debug */,
				46EAB3F318F9D042002AAEA8 /* Release */,
			);
			defaultConfigurationIsVisible = 0;
			defaultConfigurationName = Release;
		};
/* End XCConfigurationList section */
	};
	rootObject = 46EAB3AF18F9D042002AAEA8 /* Project object */;
}
